PODS:
  - AFNetworking (2.2.1):
    - AFNetworking/NSURLConnection
    - AFNetworking/NSURLSession
    - AFNetworking/Reachability
    - AFNetworking/Security
    - AFNetworking/Serialization
    - AFNetworking/UIKit
  - AFNetworking/NSURLConnection (2.2.1):
    - AFNetworking/Reachability
    - AFNetworking/Security
    - AFNetworking/Serialization
  - AFNetworking/NSURLSession (2.2.1):
    - AFNetworking/NSURLConnection
  - AFNetworking/Reachability (2.2.1)
  - AFNetworking/Security (2.2.1)
  - AFNetworking/Serialization (2.2.1)
  - AFNetworking/UIKit (2.2.1):
    - AFNetworking/NSURLConnection
    - AFNetworking/NSURLSession
  - Canvas (0.1.1)
  - ECSlidingViewController (2.0.1)

DEPENDENCIES:
  - AFNetworking (~> 2.0)
  - Canvas (~> 0.1)
  - ECSlidingViewController (~> 2.0.1)

SPEC CHECKSUMS:
  AFNetworking: 0121f4b69be3fa58d1ab317866e036e12ac9651d
  Canvas: f1911025fc9ec9c7339df6e4399c90c87ce6b631
  ECSlidingViewController: d7bb96ee5bbe261ed80ee16a513f94b9fd3c9767

COCOAPODS: 0.29.0
